
Microsoft Visual Studio Solution File, Format Version 12.00
# Visual Studio Version 17
VisualStudioVersion = 17.0.31903.59
MinimumVisualStudioVersion = 10.0.40219.1
Project("{2150E333-8FDC-42A3-9474-1A3956D46DE8}") = "backend", "backend", "{1AE8ACA6-933B-BF2A-3671-3E2EAC007D16}"
EndProject
Project("{FAE04EC0-301F-11D3-BF4B-00C04F79EFBC}") = "NovaHaven.Api", "backend\NovaHaven.Api\NovaHaven.Api.csproj", "{A27C2731-290A-4B85-B951-3C808259FA8A}"
EndProject
Project("{FAE04EC0-301F-11D3-BF4B-00C04F79EFBC}") = "NovaHaven.Application", "backend\NovaHaven.Application\NovaHaven.Application.csproj", "{35269990-1779-4626-974F-3F737E536587}"
EndProject
Project("{FAE04EC0-301F-11D3-BF4B-00C04F79EFBC}") = "NovaHaven.Domain", "backend\NovaHaven.Domain\NovaHaven.Domain.csproj", "{EFBA5D49-2AA2-47FA-A5CB-FFE34BE9E0E5}"
EndProject
Project("{FAE04EC0-301F-11D3-BF4B-00C04F79EFBC}") = "NovaHaven.Infrastructure", "backend\NovaHaven.Infrastructure\NovaHaven.Infrastructure.csproj", "{281F62C0-2255-47E4-8AEB-5C86042ADA87}"
EndProject
Project("{2150E333-8FDC-42A3-9474-1A3956D46DE8}") = "tests", "tests", "{0AB3BF05-4346-4AA6-1389-037BE0695223}"
EndProject
Project("{2150E333-8FDC-42A3-9474-1A3956D46DE8}") = "backend", "backend", "{C62EED4C-2AC9-F50F-E0BC-649CFEA98BDB}"
EndProject
Project("{FAE04EC0-301F-11D3-BF4B-00C04F79EFBC}") = "NovaHaven.Domain.Tests", "tests\backend\NovaHaven.Domain.Tests\NovaHaven.Domain.Tests.csproj", "{BF5C368F-D56D-4662-9287-E24EE82F84D8}"
EndProject
Project("{FAE04EC0-301F-11D3-BF4B-00C04F79EFBC}") = "NovaHaven.Integration.Tests", "tests\backend\NovaHaven.Integration.Tests\NovaHaven.Integration.Tests.csproj", "{32D9D836-ABC6-470B-AC47-A838302DB8B2}"
EndProject
Global
	GlobalSection(SolutionConfigurationPlatforms) = preSolution
		Debug|Any CPU = Debug|Any CPU
		Debug|x64 = Debug|x64
		Debug|x86 = Debug|x86
		Release|Any CPU = Release|Any CPU
		Release|x64 = Release|x64
		Release|x86 = Release|x86
	EndGlobalSection
	GlobalSection(ProjectConfigurationPlatforms) = postSolution
		{A27C2731-290A-4B85-B951-3C808259FA8A}.Debug|Any CPU.ActiveCfg = Debug|Any CPU
		{A27C2731-290A-4B85-B951-3C808259FA8A}.Debug|Any CPU.Build.0 = Debug|Any CPU
		{A27C2731-290A-4B85-B951-3C808259FA8A}.Debug|x64.ActiveCfg = Debug|Any CPU
		{A27C2731-290A-4B85-B951-3C808259FA8A}.Debug|x64.Build.0 = Debug|Any CPU
		{A27C2731-290A-4B85-B951-3C808259FA8A}.Debug|x86.ActiveCfg = Debug|Any CPU
		{A27C2731-290A-4B85-B951-3C808259FA8A}.Debug|x86.Build.0 = Debug|Any CPU
		{A27C2731-290A-4B85-B951-3C808259FA8A}.Release|Any CPU.ActiveCfg = Release|Any CPU
		{A27C2731-290A-4B85-B951-3C808259FA8A}.Release|Any CPU.Build.0 = Release|Any CPU
		{A27C2731-290A-4B85-B951-3C808259FA8A}.Release|x64.ActiveCfg = Release|Any CPU
		{A27C2731-290A-4B85-B951-3C808259FA8A}.Release|x64.Build.0 = Release|Any CPU
		{A27C2731-290A-4B85-B951-3C808259FA8A}.Release|x86.ActiveCfg = Release|Any CPU
		{A27C2731-290A-4B85-B951-3C808259FA8A}.Release|x86.Build.0 = Release|Any CPU
		{35269990-1779-4626-974F-3F737E536587}.Debug|Any CPU.ActiveCfg = Debug|Any CPU
		{35269990-1779-4626-974F-3F737E536587}.Debug|Any CPU.Build.0 = Debug|Any CPU
		{35269990-1779-4626-974F-3F737E536587}.Debug|x64.ActiveCfg = Debug|Any CPU
		{35269990-1779-4626-974F-3F737E536587}.Debug|x64.Build.0 = Debug|Any CPU
		{35269990-1779-4626-974F-3F737E536587}.Debug|x86.ActiveCfg = Debug|Any CPU
		{35269990-1779-4626-974F-3F737E536587}.Debug|x86.Build.0 = Debug|Any CPU
		{35269990-1779-4626-974F-3F737E536587}.Release|Any CPU.ActiveCfg = Release|Any CPU
		{35269990-1779-4626-974F-3F737E536587}.Release|Any CPU.Build.0 = Release|Any CPU
		{35269990-1779-4626-974F-3F737E536587}.Release|x64.ActiveCfg = Release|Any CPU
		{35269990-1779-4626-974F-3F737E536587}.Release|x64.Build.0 = Release|Any CPU
		{35269990-1779-4626-974F-3F737E536587}.Release|x86.ActiveCfg = Release|Any CPU
		{35269990-1779-4626-974F-3F737E536587}.Release|x86.Build.0 = Release|Any CPU
		{EFBA5D49-2AA2-47FA-A5CB-FFE34BE9E0E5}.Debug|Any CPU.ActiveCfg = Debug|Any CPU
		{EFBA5D49-2AA2-47FA-A5CB-FFE34BE9E0E5}.Debug|Any CPU.Build.0 = Debug|Any CPU
		{EFBA5D49-2AA2-47FA-A5CB-FFE34BE9E0E5}.Debug|x64.ActiveCfg = Debug|Any CPU
		{EFBA5D49-2AA2-47FA-A5CB-FFE34BE9E0E5}.Debug|x64.Build.0 = Debug|Any CPU
		{EFBA5D49-2AA2-47FA-A5CB-FFE34BE9E0E5}.Debug|x86.ActiveCfg = Debug|Any CPU
		{EFBA5D49-2AA2-47FA-A5CB-FFE34BE9E0E5}.Debug|x86.Build.0 = Debug|Any CPU
		{EFBA5D49-2AA2-47FA-A5CB-FFE34BE9E0E5}.Release|Any CPU.ActiveCfg = Release|Any CPU
		{EFBA5D49-2AA2-47FA-A5CB-FFE34BE9E0E5}.Release|Any CPU.Build.0 = Release|Any CPU
		{EFBA5D49-2AA2-47FA-A5CB-FFE34BE9E0E5}.Release|x64.ActiveCfg = Release|Any CPU
		{EFBA5D49-2AA2-47FA-A5CB-FFE34BE9E0E5}.Release|x64.Build.0 = Release|Any CPU
		{EFBA5D49-2AA2-47FA-A5CB-FFE34BE9E0E5}.Release|x86.ActiveCfg = Release|Any CPU
		{EFBA5D49-2AA2-47FA-A5CB-FFE34BE9E0E5}.Release|x86.Build.0 = Release|Any CPU
		{281F62C0-2255-47E4-8AEB-5C86042ADA87}.Debug|Any CPU.ActiveCfg = Debug|Any CPU
		{281F62C0-2255-47E4-8AEB-5C86042ADA87}.Debug|Any CPU.Build.0 = Debug|Any CPU
		{281F62C0-2255-47E4-8AEB-5C86042ADA87}.Debug|x64.ActiveCfg = Debug|Any CPU
		{281F62C0-2255-47E4-8AEB-5C86042ADA87}.Debug|x64.Build.0 = Debug|Any CPU
		{281F62C0-2255-47E4-8AEB-5C86042ADA87}.Debug|x86.ActiveCfg = Debug|Any CPU
		{281F62C0-2255-47E4-8AEB-5C86042ADA87}.Debug|x86.Build.0 = Debug|Any CPU
		{281F62C0-2255-47E4-8AEB-5C86042ADA87}.Release|Any CPU.ActiveCfg = Release|Any CPU
		{281F62C0-2255-47E4-8AEB-5C86042ADA87}.Release|Any CPU.Build.0 = Release|Any CPU
		{281F62C0-2255-47E4-8AEB-5C86042ADA87}.Release|x64.ActiveCfg = Release|Any CPU
		{281F62C0-2255-47E4-8AEB-5C86042ADA87}.Release|x64.Build.0 = Release|Any CPU
		{281F62C0-2255-47E4-8AEB-5C86042ADA87}.Release|x86.ActiveCfg = Release|Any CPU
		{281F62C0-2255-47E4-8AEB-5C86042ADA87}.Release|x86.Build.0 = Release|Any CPU
		{BF5C368F-D56D-4662-9287-E24EE82F84D8}.Debug|Any CPU.ActiveCfg = Debug|Any CPU
		{BF5C368F-D56D-4662-9287-E24EE82F84D8}.Debug|Any CPU.Build.0 = Debug|Any CPU
		{BF5C368F-D56D-4662-9287-E24EE82F84D8}.Debug|x64.ActiveCfg = Debug|Any CPU
		{BF5C368F-D56D-4662-9287-E24EE82F84D8}.Debug|x64.Build.0 = Debug|Any CPU
		{BF5C368F-D56D-4662-9287-E24EE82F84D8}.Debug|x86.ActiveCfg = Debug|Any CPU
		{BF5C368F-D56D-4662-9287-E24EE82F84D8}.Debug|x86.Build.0 = Debug|Any CPU
		{BF5C368F-D56D-4662-9287-E24EE82F84D8}.Release|Any CPU.ActiveCfg = Release|Any CPU
		{BF5C368F-D56D-4662-9287-E24EE82F84D8}.Release|Any CPU.Build.0 = Release|Any CPU
		{BF5C368F-D56D-4662-9287-E24EE82F84D8}.Release|x64.ActiveCfg = Release|Any CPU
		{BF5C368F-D56D-4662-9287-E24EE82F84D8}.Release|x64.Build.0 = Release|Any CPU
		{BF5C368F-D56D-4662-9287-E24EE82F84D8}.Release|x86.ActiveCfg = Release|Any CPU
		{BF5C368F-D56D-4662-9287-E24EE82F84D8}.Release|x86.Build.0 = Release|Any CPU
		{32D9D836-ABC6-470B-AC47-A838302DB8B2}.Debug|Any CPU.ActiveCfg = Debug|Any CPU
		{32D9D836-ABC6-470B-AC47-A838302DB8B2}.Debug|Any CPU.Build.0 = Debug|Any CPU
		{32D9D836-ABC6-470B-AC47-A838302DB8B2}.Debug|x64.ActiveCfg = Debug|Any CPU
		{32D9D836-ABC6-470B-AC47-A838302DB8B2}.Debug|x64.Build.0 = Debug|Any CPU
		{32D9D836-ABC6-470B-AC47-A838302DB8B2}.Debug|x86.ActiveCfg = Debug|Any CPU
		{32D9D836-ABC6-470B-AC47-A838302DB8B2}.Debug|x86.Build.0 = Debug|Any CPU
		{32D9D836-ABC6-470B-AC47-A838302DB8B2}.Release|Any CPU.ActiveCfg = Release|Any CPU
		{32D9D836-ABC6-470B-AC47-A838302DB8B2}.Release|Any CPU.Build.0 = Release|Any CPU
		{32D9D836-ABC6-470B-AC47-A838302DB8B2}.Release|x64.ActiveCfg = Release|Any CPU
		{32D9D836-ABC6-470B-AC47-A838302DB8B2}.Release|x64.Build.0 = Release|Any CPU
		{32D9D836-ABC6-470B-AC47-A838302DB8B2}.Release|x86.ActiveCfg = Release|Any CPU
		{32D9D836-ABC6-470B-AC47-A838302DB8B2}.Release|x86.Build.0 = Release|Any CPU
	EndGlobalSection
	GlobalSection(SolutionProperties) = preSolution
		HideSolutionNode = FALSE
	EndGlobalSection
	GlobalSection(NestedProjects) = preSolution
		{A27C2731-290A-4B85-B951-3C808259FA8A} = {1AE8ACA6-933B-BF2A-3671-3E2EAC007D16}
		{35269990-1779-4626-974F-3F737E536587} = {1AE8ACA6-933B-BF2A-3671-3E2EAC007D16}
		{EFBA5D49-2AA2-47FA-A5CB-FFE34BE9E0E5} = {1AE8ACA6-933B-BF2A-3671-3E2EAC007D16}
		{281F62C0-2255-47E4-8AEB-5C86042ADA87} = {1AE8ACA6-933B-BF2A-3671-3E2EAC007D16}
		{C62EED4C-2AC9-F50F-E0BC-649CFEA98BDB} = {0AB3BF05-4346-4AA6-1389-037BE0695223}
		{BF5C368F-D56D-4662-9287-E24EE82F84D8} = {C62EED4C-2AC9-F50F-E0BC-649CFEA98BDB}
		{32D9D836-ABC6-470B-AC47-A838302DB8B2} = {C62EED4C-2AC9-F50F-E0BC-649CFEA98BDB}
	EndGlobalSection
EndGlobal
